
Microsoft Visual Studio Solution File, Format Version 12.00
# Visual Studio Version 16
VisualStudioVersion = 16.0.29609.76
MinimumVisualStudioVersion = 10.0.40219.1
Project("{FAE04EC0-301F-11D3-BF4B-00C04F79EFBC}") = "CodeBlogFitness.BL", "CodeBlogFitness.BL\CodeBlogFitness.BL.csproj", "{F19B9D1C-FB7A-42B7-889C-C02732F4BD9C}"
EndProject
Project("{FAE04EC0-301F-11D3-BF4B-00C04F79EFBC}") = "CodeFitness.CMD", "CodeFitness.CMD\CodeFitness.CMD.csproj", "{17387C5C-75E7-4F90-9456-475B3B8C572C}"
EndProject
Global
	GlobalSection(SolutionConfigurationPlatforms) = preSolution
		Debug|Any CPU = Debug|Any CPU
		Release|Any CPU = Release|Any CPU
	EndGlobalSection
	GlobalSection(ProjectConfigurationPlatforms) = postSolution
		{F19B9D1C-FB7A-42B7-889C-C02732F4BD9C}.Debug|Any CPU.ActiveCfg = Debug|Any CPU
		{F19B9D1C-FB7A-42B7-889C-C02732F4BD9C}.Debug|Any CPU.Build.0 = Debug|Any CPU
		{F19B9D1C-FB7A-42B7-889C-C02732F4BD9C}.Release|Any CPU.ActiveCfg = Release|Any CPU
		{F19B9D1C-FB7A-42B7-889C-C02732F4BD9C}.Release|Any CPU.Build.0 = Release|Any CPU
		{17387C5C-75E7-4F90-9456-475B3B8C572C}.Debug|Any CPU.ActiveCfg = Debug|Any CPU
		{17387C5C-75E7-4F90-9456-475B3B8C572C}.Debug|Any CPU.Build.0 = Debug|Any CPU
		{17387C5C-75E7-4F90-9456-475B3B8C572C}.Release|Any CPU.ActiveCfg = Release|Any CPU
		{17387C5C-75E7-4F90-9456-475B3B8C572C}.Release|Any CPU.Build.0 = Release|Any CPU
	EndGlobalSection
	GlobalSection(SolutionProperties) = preSolution
		HideSolutionNode = FALSE
	EndGlobalSection
	GlobalSection(ExtensibilityGlobals) = postSolution
		SolutionGuid = {FC594232-092E-4BCE-9645-7AAF90D31266}
	EndGlobalSection
EndGlobal
